
Microsoft Visual Studio Solution File, Format Version 12.00
# Visual Studio Version 17
VisualStudioVersion = 17.0.31903.59
MinimumVisualStudioVersion = 10.0.40219.1
Project("{2150E333-8FDC-42A3-9474-1A3956D46DE8}") = "Benkyoukai", "Benkyoukai", "{D1EE12CC-57AE-4DB5-B226-EAA6DC3BDB1E}"
EndProject
Project("{2150E333-8FDC-42A3-9474-1A3956D46DE8}") = "src", "src", "{565AB6A8-B712-4E2B-8D71-3D850442A632}"
EndProject
Project("{FAE04EC0-301F-11D3-BF4B-00C04F79EFBC}") = "Benkyoukai.Api", "Benkyoukai\src\Benkyoukai.Api\Benkyoukai.Api.csproj", "{D0DC3264-B18B-4D04-9E09-5A2902526AD6}"
EndProject
Project("{FAE04EC0-301F-11D3-BF4B-00C04F79EFBC}") = "Benkyoukai.Contracts", "Benkyoukai\src\Benkyoukai.Contracts\Benkyoukai.Contracts.csproj", "{2403B463-145B-477F-85BA-8D0556FCF55D}"
EndProject
Project("{2150E333-8FDC-42A3-9474-1A3956D46DE8}") = "Benkyoukai.Email", "Benkyoukai.Email", "{C9188E5D-F6DB-45A6-B652-6569EDF2BB59}"
EndProject
Project("{2150E333-8FDC-42A3-9474-1A3956D46DE8}") = "src", "src", "{494D3CBB-CE41-45C9-8FFC-CB58D7E876C0}"
EndProject
Project("{FAE04EC0-301F-11D3-BF4B-00C04F79EFBC}") = "Benkyoukai.Email", "Benkyoukai.Email\src\Benkyoukai.Email\Benkyoukai.Email.csproj", "{B07DA11F-8A02-4632-B5BF-8F199A260218}"
EndProject
Project("{FAE04EC0-301F-11D3-BF4B-00C04F79EFBC}") = "Benkyoukai.Email.Contracts", "Benkyoukai.Email\src\Benkyoukai.Email.Contracts\Benkyoukai.Email.Contracts.csproj", "{436FB0D8-9896-41FE-858D-A5844477CA39}"
EndProject
Global
	GlobalSection(SolutionConfigurationPlatforms) = preSolution
		Debug|Any CPU = Debug|Any CPU
		Release|Any CPU = Release|Any CPU
	EndGlobalSection
	GlobalSection(SolutionProperties) = preSolution
		HideSolutionNode = FALSE
	EndGlobalSection
	GlobalSection(ProjectConfigurationPlatforms) = postSolution
		{D0DC3264-B18B-4D04-9E09-5A2902526AD6}.Debug|Any CPU.ActiveCfg = Debug|Any CPU
		{D0DC3264-B18B-4D04-9E09-5A2902526AD6}.Debug|Any CPU.Build.0 = Debug|Any CPU
		{D0DC3264-B18B-4D04-9E09-5A2902526AD6}.Release|Any CPU.ActiveCfg = Release|Any CPU
		{D0DC3264-B18B-4D04-9E09-5A2902526AD6}.Release|Any CPU.Build.0 = Release|Any CPU
		{2403B463-145B-477F-85BA-8D0556FCF55D}.Debug|Any CPU.ActiveCfg = Debug|Any CPU
		{2403B463-145B-477F-85BA-8D0556FCF55D}.Debug|Any CPU.Build.0 = Debug|Any CPU
		{2403B463-145B-477F-85BA-8D0556FCF55D}.Release|Any CPU.ActiveCfg = Release|Any CPU
		{2403B463-145B-477F-85BA-8D0556FCF55D}.Release|Any CPU.Build.0 = Release|Any CPU
		{B07DA11F-8A02-4632-B5BF-8F199A260218}.Debug|Any CPU.ActiveCfg = Debug|Any CPU
		{B07DA11F-8A02-4632-B5BF-8F199A260218}.Debug|Any CPU.Build.0 = Debug|Any CPU
		{B07DA11F-8A02-4632-B5BF-8F199A260218}.Release|Any CPU.ActiveCfg = Release|Any CPU
		{B07DA11F-8A02-4632-B5BF-8F199A260218}.Release|Any CPU.Build.0 = Release|Any CPU
		{436FB0D8-9896-41FE-858D-A5844477CA39}.Debug|Any CPU.ActiveCfg = Debug|Any CPU
		{436FB0D8-9896-41FE-858D-A5844477CA39}.Debug|Any CPU.Build.0 = Debug|Any CPU
		{436FB0D8-9896-41FE-858D-A5844477CA39}.Release|Any CPU.ActiveCfg = Release|Any CPU
		{436FB0D8-9896-41FE-858D-A5844477CA39}.Release|Any CPU.Build.0 = Release|Any CPU
	EndGlobalSection
	GlobalSection(NestedProjects) = preSolution
		{565AB6A8-B712-4E2B-8D71-3D850442A632} = {D1EE12CC-57AE-4DB5-B226-EAA6DC3BDB1E}
		{D0DC3264-B18B-4D04-9E09-5A2902526AD6} = {565AB6A8-B712-4E2B-8D71-3D850442A632}
		{2403B463-145B-477F-85BA-8D0556FCF55D} = {565AB6A8-B712-4E2B-8D71-3D850442A632}
		{494D3CBB-CE41-45C9-8FFC-CB58D7E876C0} = {C9188E5D-F6DB-45A6-B652-6569EDF2BB59}
		{B07DA11F-8A02-4632-B5BF-8F199A260218} = {494D3CBB-CE41-45C9-8FFC-CB58D7E876C0}
		{436FB0D8-9896-41FE-858D-A5844477CA39} = {494D3CBB-CE41-45C9-8FFC-CB58D7E876C0}
	EndGlobalSection
EndGlobal
