
Microsoft Visual Studio Solution File, Format Version 12.00
# Visual Studio Version 17
VisualStudioVersion = 17.0.31903.59
MinimumVisualStudioVersion = 10.0.40219.1
Project("{FAE04EC0-301F-11D3-BF4B-00C04F79EFBC}") = "Benkyoukai.Api", "Benkyoukai.Api\Benkyoukai.Api.csproj", "{F184BC1D-F2A1-4E3C-BE89-FDACCF061739}"
EndProject
Project("{FAE04EC0-301F-11D3-BF4B-00C04F79EFBC}") = "Benkyoukai.Contracts", "Benkyoukai.Contracts\Benkyoukai.Contracts.csproj", "{14F046F8-1646-4CA6-BA3D-76F3BC18F3BA}"
EndProject
Global
	GlobalSection(SolutionConfigurationPlatforms) = preSolution
		Debug|Any CPU = Debug|Any CPU
		Release|Any CPU = Release|Any CPU
	EndGlobalSection
	GlobalSection(SolutionProperties) = preSolution
		HideSolutionNode = FALSE
	EndGlobalSection
	GlobalSection(ProjectConfigurationPlatforms) = postSolution
		{F184BC1D-F2A1-4E3C-BE89-FDACCF061739}.Debug|Any CPU.ActiveCfg = Debug|Any CPU
		{F184BC1D-F2A1-4E3C-BE89-FDACCF061739}.Debug|Any CPU.Build.0 = Debug|Any CPU
		{F184BC1D-F2A1-4E3C-BE89-FDACCF061739}.Release|Any CPU.ActiveCfg = Release|Any CPU
		{F184BC1D-F2A1-4E3C-BE89-FDACCF061739}.Release|Any CPU.Build.0 = Release|Any CPU
		{14F046F8-1646-4CA6-BA3D-76F3BC18F3BA}.Debug|Any CPU.ActiveCfg = Debug|Any CPU
		{14F046F8-1646-4CA6-BA3D-76F3BC18F3BA}.Debug|Any CPU.Build.0 = Debug|Any CPU
		{14F046F8-1646-4CA6-BA3D-76F3BC18F3BA}.Release|Any CPU.ActiveCfg = Release|Any CPU
		{14F046F8-1646-4CA6-BA3D-76F3BC18F3BA}.Release|Any CPU.Build.0 = Release|Any CPU
	EndGlobalSection
EndGlobal
